version = 1
revision = 3
requires-python = ">=3.11"
resolution-markers = [
    "platform_machine != 'AMD64' or sys_platform != 'win32'",
    "platform_machine == 'AMD64' and sys_platform == 'win32'",
]
required-markers = [
    "platform_machine == 'AMD64' and sys_platform == 'win32'",
]

[[package]]
name = "click"
version = "8.3.1"
source = { registry = "https://pypi.org/simple" }
dependencies = [
    { name = "colorama", marker = "sys_platform == 'win32'" },
]
sdist = { url = "https://files.pythonhosted.org/packages/3d/fa/656b739db8587d7b5dfa22e22ed02566950fbfbcdc20311993483657a5c0/click-8.3.1.tar.gz", hash = "sha256:12ff4785d337a1bb490bb7e9c2b1ee5da3112e94a8622f26a6c77f5d2fc6842a", size = 295065, upload-time = "2025-11-15T20:45:42.706Z" }
wheels = [
    { url = "https://files.pythonhosted.org/packages/98/78/01c019cdb5d6498122777c1a43056ebb3ebfeef2076d9d026bfe15583b2b/click-8.3.1-py3-none-any.whl", hash = "sha256:981153a64e25f12d547d3426c367a4857371575ee7ad18df2a6183ab0545b2a6", size = 108274, upload-time = "2025-11-15T20:45:41.139Z" },
]

[[package]]
name = "colorama"
version = "0.4.6"
source = { registry = "https://pypi.org/simple" }
sdist = { url = "https://files.pythonhosted.org/packages/d8/53/6f443c9a4a8358a93a6792e2acffb9d9d5cb0a5cfd8802644b7b1c9a02e4/colorama-0.4.6.tar.gz", hash = "sha256:08695f5cb7ed6e0531a20572697297273c47b8cae5a63ffc6d6ed5c201be6e44", size = 27697, upload-time = "2022-10-25T02:36:22.414Z" }
wheels = [
    { url = "https://files.pythonhosted.org/packages/d1/d6/3965ed04c63042e047cb6a3e6ed1a63a35087b6a609aa3a15ed8ac56c221/colorama-0.4.6-py2.py3-none-any.whl", hash = "sha256:4f1d9991f5acc0ca119f9d443620b77f9d6b33703e51011c16baf57afb285fc6", size = 25335, upload-time = "2022-10-25T02:36:20.889Z" },
]

[[package]]
name = "e201-test-platform"
version = "0.1.0"
source = { editable = "." }
dependencies = [
    { name = "numpy" },
    { name = "pyqt5" },
    { name = "pyqtgraph" },
    { name = "pyserial" },
]

[package.dev-dependencies]
dev = [
    { name = "pyqt5-tools" },
]

[package.metadata]
requires-dist = [
    { name = "numpy", specifier = ">=2.4.2" },
    { name = "pyqt5", specifier = "==5.15.9" },
    { name = "pyqtgraph", specifier = ">=0.14.0" },
    { name = "pyserial", specifier = ">=3.5" },
]

[package.metadata.requires-dev]
dev = [{ name = "pyqt5-tools", specifier = "==5.15.9.3.3" }]

[[package]]
name = "numpy"
version = "2.4.2"
source = { registry = "https://pypi.org/simple" }
sdist = { url = "https://files.pythonhosted.org/packages/57/fd/0005efbd0af48e55eb3c7208af93f2862d4b1a56cd78e84309a2d959208d/numpy-2.4.2.tar.gz", hash = "sha256:659a6107e31a83c4e33f763942275fd278b21d095094044eb35569e86a21ddae", size = 20723651, upload-time = "2026-01-31T23:13:10.135Z" }
wheels = [
    { url = "https://files.pythonhosted.org/packages/d3/44/71852273146957899753e69986246d6a176061ea183407e95418c2aa4d9a/numpy-2.4.2-cp311-cp311-macosx_10_9_x86_64.whl", hash = "sha256:e7e88598032542bd49af7c4747541422884219056c268823ef6e5e89851c8825", size = 16955478, upload-time = "2026-01-31T23:10:25.623Z" },
    { url = "https://files.pythonhosted.org/packages/74/41/5d17d4058bd0cd96bcbd4d9ff0fb2e21f52702aab9a72e4a594efa18692f/numpy-2.4.2-cp311-cp311-macosx_11_0_arm64.whl", hash = "sha256:7edc794af8b36ca37ef5fcb5e0d128c7e0595c7b96a2318d1badb6fcd8ee86b1", size = 14965467, upload-time = "2026-01-31T23:10:28.186Z" },
    { url = "https://files.pythonhosted.org/packages/49/48/fb1ce8136c19452ed15f033f8aee91d5defe515094e330ce368a0647846f/numpy-2.4.2-cp311-cp311-macosx_14_0_arm64.whl", hash = "sha256:6e9f61981ace1360e42737e2bae58b27bf28a1b27e781721047d84bd754d32e7", size = 5475172, upload-time = "2026-01-31T23:10:30.848Z" },
    { url = "https://files.pythonhosted.org/packages/40/a9/3feb49f17bbd1300dd2570432961f5c8a4ffeff1db6f02c7273bd020a4c9/numpy-2.4.2-cp311-cp311-macosx_14_0_x86_64.whl", hash = "sha256:cb7bbb88aa74908950d979eeaa24dbdf1a865e3c7e45ff0121d8f70387b55f73", size = 6805145, upload-time = "2026-01-31T23:10:32.352Z" },
    { url = "https://files.pythonhosted.org/packages/3f/39/fdf35cbd6d6e2fcad42fcf85ac04a85a0d0fbfbf34b30721c98d602fd70a/numpy-2.4.2-cp311-cp311-manylinux_2_27_aarch64.manylinux_2_28_aarch64.whl", hash = "sha256:4f069069931240b3fc703f1e23df63443dbd6390614c8c44a87d96cd0ec81eb1", size = 15966084, upload-time = "2026-01-31T23:10:34.502Z" },
    { url = "https://files.pythonhosted.org/packages/1b/46/6fa4ea94f1ddf969b2ee941290cca6f1bfac92b53c76ae5f44afe17ceb69/numpy-2.4.2-cp311-cp311-manylinux_2_27_x86_64.manylinux_2_28_x86_64.whl", hash = "sha256:c02ef4401a506fb60b411467ad501e1429a3487abca4664871d9ae0b46c8ba32", size = 16899477, upload-time = "2026-01-31T23:10:37.075Z" },
    { url = "https://files.pythonhosted.org/packages/09/a1/2a424e162b1a14a5bd860a464ab4e07513916a64ab1683fae262f735ccd2/numpy-2.4.2-cp311-cp311-musllinux_1_2_aarch64.whl", hash = "sha256:2653de5c24910e49c2b106499803124dde62a5a1fe0eedeaecf4309a5f639390", size = 17323429, upload-time = "2026-01-31T23:10:39.704Z" },
    { url = "https://files.pythonhosted.org/packages/ce/a2/73014149ff250628df72c58204822ac01d768697913881aacf839ff78680/numpy-2.4.2-cp311-cp311-musllinux_1_2_x86_64.whl", hash = "sha256:1ae241bbfc6ae276f94a170b14785e561cb5e7f626b6688cf076af4110887413", size = 18635109, upload-time = "2026-01-31T23:10:41.924Z" },
    { url = "https://files.pythonhosted.org/packages/6c/0c/73e8be2f1accd56df74abc1c5e18527822067dced5ec0861b5bb882c2ce0/numpy-2.4.2-cp311-cp311-win32.whl", hash = "sha256:df1b10187212b198dd45fa943d8985a3c8cf854aed4923796e0e019e113a1bda", size = 6237915, upload-time = "2026-01-31T23:10:45.26Z" },
    { url = "https://files.pythonhosted.org/packages/76/ae/e0265e0163cf127c24c3969d29f1c4c64551a1e375d95a13d32eab25d364/numpy-2.4.2-cp311-cp311-win_amd64.whl", hash = "sha256:b9c618d56a29c9cb1c4da979e9899be7578d2e0b3c24d52079c166324c9e8695", size = 12607972, upload-time = "2026-01-31T23:10:47.021Z" },
    { url = "https://files.pythonhosted.org/packages/29/a5/c43029af9b8014d6ea157f192652c50042e8911f4300f8f6ed3336bf437f/numpy-2.4.2-cp311-cp311-win_arm64.whl", hash = "sha256:47c5a6ed21d9452b10227e5e8a0e1c22979811cad7dcc19d8e3e2fb8fa03f1a3", size = 10485763, upload-time = "2026-01-31T23:10:50.087Z" },
    { url = "https://files.pythonhosted.org/packages/51/6e/6f394c9c77668153e14d4da83bcc247beb5952f6ead7699a1a2992613bea/numpy-2.4.2-cp312-cp312-macosx_10_13_x86_64.whl", hash = "sha256:21982668592194c609de53ba4933a7471880ccbaadcc52352694a59ecc860b3a", size = 16667963, upload-time = "2026-01-31T23:10:52.147Z" },
    { url = "https://files.pythonhosted.org/packages/1f/f8/55483431f2b2fd015ae6ed4fe62288823ce908437ed49db5a03d15151678/numpy-2.4.2-cp312-cp312-macosx_11_0_arm64.whl", hash = "sha256:40397bda92382fcec844066efb11f13e1c9a3e2a8e8f318fb72ed8b6db9f60f1", size = 14693571, upload-time = "2026-01-31T23:10:54.789Z" },
    { url = "https://files.pythonhosted.org/packages/2f/20/18026832b1845cdc82248208dd929ca14c9d8f2bac391f67440707fff27c/numpy-2.4.2-cp312-cp312-macosx_14_0_arm64.whl", hash = "sha256:b3a24467af63c67829bfaa61eecf18d5432d4f11992688537be59ecd6ad32f5e", size = 5203469, upload-time = "2026-01-31T23:10:57.343Z" },
    { url = "https://files.pythonhosted.org/packages/7d/33/2eb97c8a77daaba34eaa3fa7241a14ac5f51c46a6bd5911361b644c4a1e2/numpy-2.4.2-cp312-cp312-macosx_14_0_x86_64.whl", hash = "sha256:805cc8de9fd6e7a22da5aed858e0ab16be5a4db6c873dde1d7451c541553aa27", size = 6550820, upload-time = "2026-01-31T23:10:59.429Z" },
    { url = "https://files.pythonhosted.org/packages/b1/91/b97fdfd12dc75b02c44e26c6638241cc004d4079a0321a69c62f51470c4c/numpy-2.4.2-cp312-cp312-manylinux_2_27_aarch64.manylinux_2_28_aarch64.whl", hash = "sha256:6d82351358ffbcdcd7b686b90742a9b86632d6c1c051016484fa0b326a0a1548", size = 15663067, upload-time = "2026-01-31T23:11:01.291Z" },
    { url = "https://files.pythonhosted.org/packages/f5/c6/a18e59f3f0b8071cc85cbc8d80cd02d68aa9710170b2553a117203d46936/numpy-2.4.2-cp312-cp312-manylinux_2_27_x86_64.manylinux_2_28_x86_64.whl", hash = "sha256:9e35d3e0144137d9fdae62912e869136164534d64a169f86438bc9561b6ad49f", size = 16619782, upload-time = "2026-01-31T23:11:03.669Z" },
    { url = "https://files.pythonhosted.org/packages/b7/83/9751502164601a79e18847309f5ceec0b1446d7b6aa12305759b72cf98b2/numpy-2.4.2-cp312-cp312-musllinux_1_2_aarch64.whl", hash = "sha256:adb6ed2ad29b9e15321d167d152ee909ec73395901b70936f029c3bc6d7f4460", size = 17013128, upload-time = "2026-01-31T23:11:05.913Z" },
    { url = "https://files.pythonhosted.org/packages/61/c4/c4066322256ec740acc1c8923a10047818691d2f8aec254798f3dd90f5f2/numpy-2.4.2-cp312-cp312-musllinux_1_2_x86_64.whl", hash = "sha256:8906e71fd8afcb76580404e2a950caef2685df3d2a57fe82a86ac8d33cc007ba", size = 18345324, upload-time = "2026-01-31T23:11:08.248Z" },
    { url = "https://files.pythonhosted.org/packages/ab/af/6157aa6da728fa4525a755bfad486ae7e3f76d4c1864138003eb84328497/numpy-2.4.2-cp312-cp312-win32.whl", hash = "sha256:ec055f6dae239a6299cace477b479cca2fc125c5675482daf1dd886933a1076f", size = 5960282, upload-time = "2026-01-31T23:11:10.497Z" },
    { url = "https://files.pythonhosted.org/packages/92/0f/7ceaaeaacb40567071e94dbf2c9480c0ae453d5bb4f52bea3892c39dc83c/numpy-2.4.2-cp312-cp312-win_amd64.whl", hash = "sha256:209fae046e62d0ce6435fcfe3b1a10537e858249b3d9b05829e2a05218296a85", size = 12314210, upload-time = "2026-01-31T23:11:12.176Z" },
    { url = "https://files.pythonhosted.org/packages/2f/a3/56c5c604fae6dd40fa2ed3040d005fca97e91bd320d232ac9931d77ba13c/numpy-2.4.2-cp312-cp312-win_arm64.whl", hash = "sha256:fbde1b0c6e81d56f5dccd95dd4a711d9b95df1ae4009a60887e56b27e8d903fa", size = 10220171, upload-time = "2026-01-31T23:11:14.684Z" },
    { url = "https://files.pythonhosted.org/packages/a1/22/815b9fe25d1d7ae7d492152adbc7226d3eff731dffc38fe970589fcaaa38/numpy-2.4.2-cp313-cp313-macosx_10_13_x86_64.whl", hash = "sha256:25f2059807faea4b077a2b6837391b5d830864b3543627f381821c646f31a63c", size = 16663696, upload-time = "2026-01-31T23:11:17.516Z" },
    { url = "https://files.pythonhosted.org/packages/09/f0/817d03a03f93ba9c6c8993de509277d84e69f9453601915e4a69554102a1/numpy-2.4.2-cp313-cp313-macosx_11_0_arm64.whl", hash = "sha256:bd3a7a9f5847d2fb8c2c6d1c862fa109c31a9abeca1a3c2bd5a64572955b2979", size = 14688322, upload-time = "2026-01-31T23:11:19.883Z" },
    { url = "https://files.pythonhosted.org/packages/da/b4/f805ab79293c728b9a99438775ce51885fd4f31b76178767cfc718701a39/numpy-2.4.2-cp313-cp313-macosx_14_0_arm64.whl", hash = "sha256:8e4549f8a3c6d13d55041925e912bfd834285ef1dd64d6bc7d542583355e2e98", size = 5198157, upload-time = "2026-01-31T23:11:22.375Z" },
    { url = "https://files.pythonhosted.org/packages/74/09/826e4289844eccdcd64aac27d13b0fd3f32039915dd5b9ba01baae1f436c/numpy-2.4.2-cp313-cp313-macosx_14_0_x86_64.whl", hash = "sha256:aea4f66ff44dfddf8c2cffd66ba6538c5ec67d389285292fe428cb2c738c8aef", size = 6546330, upload-time = "2026-01-31T23:11:23.958Z" },
    { url = "https://files.pythonhosted.org/packages/19/fb/cbfdbfa3057a10aea5422c558ac57538e6acc87ec1669e666d32ac198da7/numpy-2.4.2-cp313-cp313-manylinux_2_27_aarch64.manylinux_2_28_aarch64.whl", hash = "sha256:c3cd545784805de05aafe1dde61752ea49a359ccba9760c1e5d1c88a93bbf2b7", size = 15660968, upload-time = "2026-01-31T23:11:25.713Z" },
    { url = "https://files.pythonhosted.org/packages/04/dc/46066ce18d01645541f0186877377b9371b8fa8017fa8262002b4ef22612/numpy-2.4.2-cp313-cp313-manylinux_2_27_x86_64.manylinux_2_28_x86_64.whl", hash = "sha256:d0d9b7c93578baafcbc5f0b83eaf17b79d345c6f36917ba0c67f45226911d499", size = 16607311, upload-time = "2026-01-31T23:11:28.117Z" },
    { url = "https://files.pythonhosted.org/packages/14/d9/4b5adfc39a43fa6bf918c6d544bc60c05236cc2f6339847fc5b35e6cb5b0/numpy-2.4.2-cp313-cp313-musllinux_1_2_aarch64.whl", hash = "sha256:f74f0f7779cc7ae07d1810aab8ac6b1464c3eafb9e283a40da7309d5e6e48fbb", size = 17012850, upload-time = "2026-01-31T23:11:30.888Z" },
    { url = "https://files.pythonhosted.org/packages/b7/20/adb6e6adde6d0130046e6fdfb7675cc62bc2f6b7b02239a09eb58435753d/numpy-2.4.2-cp313-cp313-musllinux_1_2_x86_64.whl", hash = "sha256:c7ac672d699bf36275c035e16b65539931347d68b70667d28984c9fb34e07fa7", size = 18334210, upload-time = "2026-01-31T23:11:33.214Z" },
    { url = "https://files.pythonhosted.org/packages/78/0e/0a73b3dff26803a8c02baa76398015ea2a5434d9b8265a7898a6028c1591/numpy-2.4.2-cp313-cp313-win32.whl", hash = "sha256:8e9afaeb0beff068b4d9cd20d322ba0ee1cecfb0b08db145e4ab4dd44a6b5110", size = 5958199, upload-time = "2026-01-31T23:11:35.385Z" },
    { url = "https://files.pythonhosted.org/packages/43/bc/6352f343522fcb2c04dbaf94cb30cca6fd32c1a750c06ad6231b4293708c/numpy-2.4.2-cp313-cp313-win_amd64.whl", hash = "sha256:7df2de1e4fba69a51c06c28f5a3de36731eb9639feb8e1cf7e4a7b0daf4cf622", size = 12310848, upload-time = "2026-01-31T23:11:38.001Z" },
    { url = "https://files.pythonhosted.org/packages/6e/8d/6da186483e308da5da1cc6918ce913dcfe14ffde98e710bfeff2a6158d4e/numpy-2.4.2-cp313-cp313-win_arm64.whl", hash = "sha256:0fece1d1f0a89c16b03442eae5c56dc0be0c7883b5d388e0c03f53019a4bfd71", size = 10221082, upload-time = "2026-01-31T23:11:40.392Z" },
    { url = "https://files.pythonhosted.org/packages/25/a1/9510aa43555b44781968935c7548a8926274f815de42ad3997e9e83680dd/numpy-2.4.2-cp313-cp313t-macosx_11_0_arm64.whl", hash = "sha256:5633c0da313330fd20c484c78cdd3f9b175b55e1a766c4a174230c6b70ad8262", size = 14815866, upload-time = "2026-01-31T23:11:42.495Z" },
    { url = "https://files.pythonhosted.org/packages/36/30/6bbb5e76631a5ae46e7923dd16ca9d3f1c93cfa8d4ed79a129814a9d8db3/numpy-2.4.2-cp313-cp313t-macosx_14_0_arm64.whl", hash = "sha256:d9f64d786b3b1dd742c946c42d15b07497ed14af1a1f3ce840cce27daa0ce913", size = 5325631, upload-time = "2026-01-31T23:11:44.7Z" },
    { url = "https://files.pythonhosted.org/packages/46/00/3a490938800c1923b567b3a15cd17896e68052e2145d8662aaf3e1ffc58f/numpy-2.4.2-cp313-cp313t-macosx_14_0_x86_64.whl", hash = "sha256:b21041e8cb6a1eb5312dd1d2f80a94d91efffb7a06b70597d44f1bd2dfc315ab", size = 6646254, upload-time = "2026-01-31T23:11:46.341Z" },
    { url = "https://files.pythonhosted.org/packages/d3/e9/fac0890149898a9b609caa5af7455a948b544746e4b8fe7c212c8edd71f8/numpy-2.4.2-cp313-cp313t-manylinux_2_27_aarch64.manylinux_2_28_aarch64.whl", hash = "sha256:00ab83c56211a1d7c07c25e3217ea6695e50a3e2f255053686b081dc0b091a82", size = 15720138, upload-time = "2026-01-31T23:11:48.082Z" },
    { url = "https://files.pythonhosted.org/packages/ea/5c/08887c54e68e1e28df53709f1893ce92932cc6f01f7c3d4dc952f61ffd4e/numpy-2.4.2-cp313-cp313t-manylinux_2_27_x86_64.manylinux_2_28_x86_64.whl", hash = "sha256:2fb882da679409066b4603579619341c6d6898fc83a8995199d5249f986e8e8f", size = 16655398, upload-time = "2026-01-31T23:11:50.293Z" },
    { url = "https://files.pythonhosted.org/packages/4d/89/253db0fa0e66e9129c745e4ef25631dc37d5f1314dad2b53e907b8538e6d/numpy-2.4.2-cp313-cp313t-musllinux_1_2_aarch64.whl", hash = "sha256:66cb9422236317f9d44b67b4d18f44efe6e9c7f8794ac0462978513359461554", size = 17079064, upload-time = "2026-01-31T23:11:52.927Z" },
    { url = "https://files.pythonhosted.org/packages/2a/d5/cbade46ce97c59c6c3da525e8d95b7abe8a42974a1dc5c1d489c10433e88/numpy-2.4.2-cp313-cp313t-musllinux_1_2_x86_64.whl", hash = "sha256:0f01dcf33e73d80bd8dc0f20a71303abbafa26a19e23f6b68d1aa9990af90257", size = 18379680, upload-time = "2026-01-31T23:11:55.22Z" },
    { url = "https://files.pythonhosted.org/packages/40/62/48f99ae172a4b63d981babe683685030e8a3df4f246c893ea5c6ef99f018/numpy-2.4.2-cp313-cp313t-win32.whl", hash = "sha256:52b913ec40ff7ae845687b0b34d8d93b60cb66dcee06996dd5c99f2fc9328657", size = 6082433, upload-time = "2026-01-31T23:11:58.096Z" },
    { url = "https://files.pythonhosted.org/packages/07/38/e054a61cfe48ad9f1ed0d188e78b7e26859d0b60ef21cd9de4897cdb5326/numpy-2.4.2-cp313-cp313t-win_amd64.whl", hash = "sha256:5eea80d908b2c1f91486eb95b3fb6fab187e569ec9752ab7d9333d2e66bf2d6b", size = 12451181, upload-time = "2026-01-31T23:11:59.782Z" },
    { url = "https://files.pythonhosted.org/packages/6e/a4/a05c3a6418575e185dd84d0b9680b6bb2e2dc3e4202f036b7b4e22d6e9dc/numpy-2.4.2-cp313-cp313t-win_arm64.whl", hash = "sha256:fd49860271d52127d61197bb50b64f58454e9f578cb4b2c001a6de8b1f50b0b1", size = 10290756, upload-time = "2026-01-31T23:12:02.438Z" },
    { url = "https://files.pythonhosted.org/packages/18/88/b7df6050bf18fdcfb7046286c6535cabbdd2064a3440fca3f069d319c16e/numpy-2.4.2-cp314-cp314-macosx_10_15_x86_64.whl", hash = "sha256:444be170853f1f9d528428eceb55f12918e4fda5d8805480f36a002f1415e09b", size = 16663092, upload-time = "2026-01-31T23:12:04.521Z" },
    { url = "https://files.pythonhosted.org/packages/25/7a/1fee4329abc705a469a4afe6e69b1ef7e915117747886327104a8493a955/numpy-2.4.2-cp314-cp314-macosx_11_0_arm64.whl", hash = "sha256:d1240d50adff70c2a88217698ca844723068533f3f5c5fa6ee2e3220e3bdb000", size = 14698770, upload-time = "2026-01-31T23:12:06.96Z" },
    { url = "https://files.pythonhosted.org/packages/fb/0b/f9e49ba6c923678ad5bc38181c08ac5e53b7a5754dbca8e581aa1a56b1ff/numpy-2.4.2-cp314-cp314-macosx_14_0_arm64.whl", hash = "sha256:7cdde6de52fb6664b00b056341265441192d1291c130e99183ec0d4b110ff8b1", size = 5208562, upload-time = "2026-01-31T23:12:09.632Z" },
    { url = "https://files.pythonhosted.org/packages/7d/12/d7de8f6f53f9bb76997e5e4c069eda2051e3fe134e9181671c4391677bb2/numpy-2.4.2-cp314-cp314-macosx_14_0_x86_64.whl", hash = "sha256:cda077c2e5b780200b6b3e09d0b42205a3d1c68f30c6dceb90401c13bff8fe74", size = 6543710, upload-time = "2026-01-31T23:12:11.969Z" },
    { url = "https://files.pythonhosted.org/packages/09/63/c66418c2e0268a31a4cf8a8b512685748200f8e8e8ec6c507ce14e773529/numpy-2.4.2-cp314-cp314-manylinux_2_27_aarch64.manylinux_2_28_aarch64.whl", hash = "sha256:d30291931c915b2ab5717c2974bb95ee891a1cf22ebc16a8006bd59cd210d40a", size = 15677205, upload-time = "2026-01-31T23:12:14.33Z" },
    { url = "https://files.pythonhosted.org/packages/5d/6c/7f237821c9642fb2a04d2f1e88b4295677144ca93285fd76eff3bcba858d/numpy-2.4.2-cp314-cp314-manylinux_2_27_x86_64.manylinux_2_28_x86_64.whl", hash = "sha256:bba37bc29d4d85761deed3954a1bc62be7cf462b9510b51d367b769a8c8df325", size = 16611738, upload-time = "2026-01-31T23:12:16.525Z" },
    { url = "https://files.pythonhosted.org/packages/c2/a7/39c4cdda9f019b609b5c473899d87abff092fc908cfe4d1ecb2fcff453b0/numpy-2.4.2-cp314-cp314-musllinux_1_2_aarch64.whl", hash = "sha256:b2f0073ed0868db1dcd86e052d37279eef185b9c8db5bf61f30f46adac63c909", size = 17028888, upload-time = "2026-01-31T23:12:19.306Z" },
    { url = "https://files.pythonhosted.org/packages/da/b3/e84bb64bdfea967cc10950d71090ec2d84b49bc691df0025dddb7c26e8e3/numpy-2.4.2-cp314-cp314-musllinux_1_2_x86_64.whl", hash = "sha256:7f54844851cdb630ceb623dcec4db3240d1ac13d4990532446761baede94996a", size = 18339556, upload-time = "2026-01-31T23:12:21.816Z" },
    { url = "https://files.pythonhosted.org/packages/88/f5/954a291bc1192a27081706862ac62bb5920fbecfbaa302f64682aa90beed/numpy-2.4.2-cp314-cp314-win32.whl", hash = "sha256:12e26134a0331d8dbd9351620f037ec470b7c75929cb8a1537f6bfe411152a1a", size = 6006899, upload-time = "2026-01-31T23:12:24.14Z" },
    { url = "https://files.pythonhosted.org/packages/05/cb/eff72a91b2efdd1bc98b3b8759f6a1654aa87612fc86e3d87d6fe4f948c4/numpy-2.4.2-cp314-cp314-win_amd64.whl", hash = "sha256:068cdb2d0d644cdb45670810894f6a0600797a69c05f1ac478e8d31670b8ee75", size = 12443072, upload-time = "2026-01-31T23:12:26.33Z" },
    { url = "https://files.pythonhosted.org/packages/37/75/62726948db36a56428fce4ba80a115716dc4fad6a3a4352487f8bb950966/numpy-2.4.2-cp314-cp314-win_arm64.whl", hash = "sha256:6ed0be1ee58eef41231a5c943d7d1375f093142702d5723ca2eb07db9b934b05", size = 10494886, upload-time = "2026-01-31T23:12:28.488Z" },
    { url = "https://files.pythonhosted.org/packages/36/2f/ee93744f1e0661dc267e4b21940870cabfae187c092e1433b77b09b50ac4/numpy-2.4.2-cp314-cp314t-macosx_11_0_arm64.whl", hash = "sha256:98f16a80e917003a12c0580f97b5f875853ebc33e2eaa4bccfc8201ac6869308", size = 14818567, upload-time = "2026-01-31T23:12:30.709Z" },
    { url = "https://files.pythonhosted.org/packages/a7/24/6535212add7d76ff938d8bdc654f53f88d35cddedf807a599e180dcb8e66/numpy-2.4.2-cp314-cp314t-macosx_14_0_arm64.whl", hash = "sha256:20abd069b9cda45874498b245c8015b18ace6de8546bf50dfa8cea1696ed06ef", size = 5328372, upload-time = "2026-01-31T23:12:32.962Z" },
    { url = "https://files.pythonhosted.org/packages/5e/9d/c48f0a035725f925634bf6b8994253b43f2047f6778a54147d7e213bc5a7/numpy-2.4.2-cp314-cp314t-macosx_14_0_x86_64.whl", hash = "sha256:e98c97502435b53741540a5717a6749ac2ada901056c7db951d33e11c885cc7d", size = 6649306, upload-time = "2026-01-31T23:12:34.797Z" },
    { url = "https://files.pythonhosted.org/packages/81/05/7c73a9574cd4a53a25907bad38b59ac83919c0ddc8234ec157f344d57d9a/numpy-2.4.2-cp314-cp314t-manylinux_2_27_aarch64.manylinux_2_28_aarch64.whl", hash = "sha256:da6cad4e82cb893db4b69105c604d805e0c3ce11501a55b5e9f9083b47d2ffe8", size = 15722394, upload-time = "2026-01-31T23:12:36.565Z" },
    { url = "https://files.pythonhosted.org/packages/35/fa/4de10089f21fc7d18442c4a767ab156b25c2a6eaf187c0db6d9ecdaeb43f/numpy-2.4.2-cp314-cp314t-manylinux_2_27_x86_64.manylinux_2_28_x86_64.whl", hash = "sha256:9e4424677ce4b47fe73c8b5556d876571f7c6945d264201180db2dc34f676ab5", size = 16653343, upload-time = "2026-01-31T23:12:39.188Z" },
    { url = "https://files.pythonhosted.org/packages/b8/f9/d33e4ffc857f3763a57aa85650f2e82486832d7492280ac21ba9efda80da/numpy-2.4.2-cp314-cp314t-musllinux_1_2_aarch64.whl", hash = "sha256:2b8f157c8a6f20eb657e240f8985cc135598b2b46985c5bccbde7616dc9c6b1e", size = 17078045, upload-time = "2026-01-31T23:12:42.041Z" },
    { url = "https://files.pythonhosted.org/packages/c8/b8/54bdb43b6225badbea6389fa038c4ef868c44f5890f95dd530a218706da3/numpy-2.4.2-cp314-cp314t-musllinux_1_2_x86_64.whl", hash = "sha256:5daf6f3914a733336dab21a05cdec343144600e964d2fcdabaac0c0269874b2a", size = 18380024, upload-time = "2026-01-31T23:12:44.331Z" },
    { url = "https://files.pythonhosted.org/packages/a5/55/6e1a61ded7af8df04016d81b5b02daa59f2ea9252ee0397cb9f631efe9e5/numpy-2.4.2-cp314-cp314t-win32.whl", hash = "sha256:8c50dd1fc8826f5b26a5ee4d77ca55d88a895f4e4819c7ecc2a9f5905047a443", size = 6153937, upload-time = "2026-01-31T23:12:47.229Z" },
    { url = "https://files.pythonhosted.org/packages/45/aa/fa6118d1ed6d776b0983f3ceac9b1a5558e80df9365b1c3aa6d42bf9eee4/numpy-2.4.2-cp314-cp314t-win_amd64.whl", hash = "sha256:fcf92bee92742edd401ba41135185866f7026c502617f422eb432cfeca4fe236", size = 12631844, upload-time = "2026-01-31T23:12:48.997Z" },
    { url = "https://files.pythonhosted.org/packages/32/0a/2ec5deea6dcd158f254a7b372fb09cfba5719419c8d66343bab35237b3fb/numpy-2.4.2-cp314-cp314t-win_arm64.whl", hash = "sha256:1f92f53998a17265194018d1cc321b2e96e900ca52d54c7c77837b71b9465181", size = 10565379, upload-time = "2026-01-31T23:12:51.345Z" },
    { url = "https://files.pythonhosted.org/packages/f4/f8/50e14d36d915ef64d8f8bc4a087fc8264d82c785eda6711f80ab7e620335/numpy-2.4.2-pp311-pypy311_pp73-macosx_10_15_x86_64.whl", hash = "sha256:89f7268c009bc492f506abd6f5265defa7cb3f7487dc21d357c3d290add45082", size = 16833179, upload-time = "2026-01-31T23:12:53.5Z" },
    { url = "https://files.pythonhosted.org/packages/17/17/809b5cad63812058a8189e91a1e2d55a5a18fd04611dbad244e8aeae465c/numpy-2.4.2-pp311-pypy311_pp73-macosx_11_0_arm64.whl", hash = "sha256:e6dee3bb76aa4009d5a912180bf5b2de012532998d094acee25d9cb8dee3e44a", size = 14889755, upload-time = "2026-01-31T23:12:55.933Z" },
    { url = "https://files.pythonhosted.org/packages/3e/ea/181b9bcf7627fc8371720316c24db888dcb9829b1c0270abf3d288b2e29b/numpy-2.4.2-pp311-pypy311_pp73-macosx_14_0_arm64.whl", hash = "sha256:cd2bd2bbed13e213d6b55dc1d035a4f91748a7d3edc9480c13898b0353708920", size = 5399500, upload-time = "2026-01-31T23:12:58.671Z" },
    { url = "https://files.pythonhosted.org/packages/33/9f/413adf3fc955541ff5536b78fcf0754680b3c6d95103230252a2c9408d23/numpy-2.4.2-pp311-pypy311_pp73-macosx_14_0_x86_64.whl", hash = "sha256:cf28c0c1d4c4bf00f509fa7eb02c58d7caf221b50b467bcb0d9bbf1584d5c821", size = 6714252, upload-time = "2026-01-31T23:13:00.518Z" },
    { url = "https://files.pythonhosted.org/packages/91/da/643aad274e29ccbdf42ecd94dafe524b81c87bcb56b83872d54827f10543/numpy-2.4.2-pp311-pypy311_pp73-manylinux_2_27_aarch64.manylinux_2_28_aarch64.whl", hash = "sha256:e04ae107ac591763a47398bb45b568fc38f02dbc4aa44c063f67a131f99346cb", size = 15797142, upload-time = "2026-01-31T23:13:02.219Z" },
    { url = "https://files.pythonhosted.org/packages/66/27/965b8525e9cb5dc16481b30a1b3c21e50c7ebf6e9dbd48d0c4d0d5089c7e/numpy-2.4.2-pp311-pypy311_pp73-manylinux_2_27_x86_64.manylinux_2_28_x86_64.whl", hash = "sha256:602f65afdef699cda27ec0b9224ae5dc43e328f4c24c689deaf77133dbee74d0", size = 16727979, upload-time = "2026-01-31T23:13:04.62Z" },
    { url = "https://files.pythonhosted.org/packages/de/e5/b7d20451657664b07986c2f6e3be564433f5dcaf3482d68eaecd79afaf03/numpy-2.4.2-pp311-pypy311_pp73-win_amd64.whl", hash = "sha256:be71bf1edb48ebbbf7f6337b5bfd2f895d1902f6335a5830b20141fc126ffba0", size = 12502577, upload-time = "2026-01-31T23:13:07.08Z" },
]

[[package]]
name = "pyqt5"
version = "5.15.9"
source = { registry = "https://pypi.org/simple" }
dependencies = [
    { name = "pyqt5-qt5" },
    { name = "pyqt5-sip" },
]
sdist = { url = "https://files.pythonhosted.org/packages/5c/46/b4b6eae1e24d9432905ef1d4e7c28b6610e28252527cdc38f2a75997d8b5/PyQt5-5.15.9.tar.gz", hash = "sha256:dc41e8401a90dc3e2b692b411bd5492ab559ae27a27424eed4bd3915564ec4c0", size = 3241160, upload-time = "2023-02-06T11:23:06.121Z" }
wheels = [
    { url = "https://files.pythonhosted.org/packages/77/c7/82f92662afdd85b69d126353d498f71e0fce03cbf1c01b700e0e495adf16/PyQt5-5.15.9-cp37-abi3-macosx_10_13_x86_64.whl", hash = "sha256:883ba5c8a348be78c8be6a3d3ba014c798e679503bce00d76c666c2dc6afe828", size = 7043123, upload-time = "2023-02-06T11:22:34.625Z" },
    { url = "https://files.pythonhosted.org/packages/28/99/78db05e606dbb4a9425c159e7f1f64b69683c16ee3dcd0f97ed9ede6b205/PyQt5-5.15.9-cp37-abi3-manylinux_2_17_x86_64.whl", hash = "sha256:dd5ce10e79fbf1df29507d2daf99270f2057cdd25e4de6fbf2052b46c652e3a5", size = 8401684, upload-time = "2023-02-06T11:22:44.872Z" },
    { url = "https://files.pythonhosted.org/packages/f3/b5/00a3c80a4c738e92e9d9e144c9bb5bd9d0842bac5517c63d42e7c9633826/PyQt5-5.15.9-cp37-abi3-win32.whl", hash = "sha256:e45c5cc15d4fd26ab5cb0e5cdba60691a3e9086411f8e3662db07a5a4222a696", size = 5424142, upload-time = "2023-02-06T11:22:50.337Z" },
    { url = "https://files.pythonhosted.org/packages/55/5d/8df8a2aa0de6588965d048fca9306cf15a5801be3078f195e8f8f41fa863/PyQt5-5.15.9-cp37-abi3-win_amd64.whl", hash = "sha256:e030d795df4cbbfcf4f38b18e2e119bcc9e177ef658a5094b87bb16cac0ce4c5", size = 6841448, upload-time = "2023-02-06T11:22:57.653Z" },
]

[[package]]
name = "pyqt5-plugins"
version = "5.15.9.2.3"
source = { registry = "https://pypi.org/simple" }
dependencies = [
    { name = "click" },
    { name = "pyqt5" },
    { name = "pyqt5-qt5" },
    { name = "qt5-tools" },
]
wheels = [
    { url = "https://files.pythonhosted.org/packages/e7/be/b6cb8bd5b2e05e74178e9bb2b2ecdce76b2067bac41919aff80cb8b17ad0/pyqt5_plugins-5.15.9.2.3-cp311-cp311-macosx_10_13_universal2.whl", hash = "sha256:078b1564a54c1549e40a87c32deb9cf9e77d72f004cd0f5f42a2acfd4d6aea36", size = 59121, upload-time = "2023-03-27T18:36:59.223Z" },
    { url = "https://files.pythonhosted.org/packages/fe/2b/11790a554b49d590cb02b466ea496670b2291c3e828bb9576219d812d0f8/pyqt5_plugins-5.15.9.2.3-cp311-cp311-manylinux2014_x86_64.whl", hash = "sha256:c883469f6d17859c8991d44d72fff6b2b9e3fa18b371c86ff002afb5e790f9c6", size = 68457, upload-time = "2023-03-27T18:37:54.196Z" },
    { url = "https://files.pythonhosted.org/packages/b1/56/616d43b195330f0f322a36fee70a0bea55b641baf57afc58b383d870f471/pyqt5_plugins-5.15.9.2.3-cp311-cp311-win32.whl", hash = "sha256:f48754c09ed46a0b6305109c0c19ed7cd8b13925ba81ef2df2e8a870437b3aa7", size = 64715, upload-time = "2023-03-27T18:37:26.249Z" },
    { url = "https://files.pythonhosted.org/packages/cd/29/b9e0ad2d345b425a111f22eac83e45c68afe8d3475a0adabc2da5dbfa5b3/pyqt5_plugins-5.15.9.2.3-cp311-cp311-win_amd64.whl", hash = "sha256:1d9acf423062c6694a5e68782fb54ce90355481d33281c9193da45c43426853c", size = 66790, upload-time = "2023-03-27T18:37:42.184Z" },
]

[[package]]
name = "pyqt5-qt5"
version = "5.15.2"
source = { registry = "https://pypi.org/simple" }
wheels = [
    { url = "https://files.pythonhosted.org/packages/62/09/99a222b0360616250fb2e6003a54e43a2a06b0774f0f8d5daafb86a2c375/PyQt5_Qt5-5.15.2-py3-none-macosx_10_13_intel.whl", hash = "sha256:76980cd3d7ae87e3c7a33bfebfaee84448fd650bad6840471d6cae199b56e154", size = 40546019, upload-time = "2021-03-10T13:52:47.763Z" },
    { url = "https://files.pythonhosted.org/packages/83/d4/241a6a518d0bcf0a9fcdcbad5edfed18d43e884317eab8d5230a2b27e206/PyQt5_Qt5-5.15.2-py3-none-manylinux2014_x86_64.whl", hash = "sha256:1988f364ec8caf87a6ee5d5a3a5210d57539988bf8e84714c7d60972692e2f4a", size = 59921716, upload-time = "2021-03-10T13:57:39.485Z" },
    { url = "https://files.pythonhosted.org/packages/1c/7e/ce7c66a541a105fa98b41d6405fe84940564695e29fc7dccf6d9e8c5f898/PyQt5_Qt5-5.15.2-py3-none-win32.whl", hash = "sha256:9cc7a768b1921f4b982ebc00a318ccb38578e44e45316c7a4a850e953e1dd327", size = 43447358, upload-time = "2021-03-10T14:01:17.827Z" },
    { url = "https://files.pythonhosted.org/packages/37/97/5d3b222b924fa2ed4c2488925155cd0b03fd5d09ee1cfcf7c553c11c9f66/PyQt5_Qt5-5.15.2-py3-none-win_amd64.whl", hash = "sha256:750b78e4dba6bdf1607febedc08738e318ea09e9b10aea9ff0d73073f11f6962", size = 50075158, upload-time = "2021-03-10T14:05:20.868Z" },
]

[[package]]
name = "pyqt5-sip"
version = "12.18.0"
source = { registry = "https://pypi.org/simple" }
sdist = { url = "https://files.pythonhosted.org/packages/f3/31/5ef342de9faee0f3801088946ae103db9b9eaeba3d6a64fefd5ce74df244/pyqt5_sip-12.18.0.tar.gz", hash = "sha256:71c37db75a0664325de149f43e2a712ec5fa1f90429a21dafbca005cb6767f94", size = 104143, upload-time = "2026-01-13T15:53:19.576Z" }
wheels = [
    { url = "https://files.pythonhosted.org/packages/9a/59/3dd29bcfde479ac241f618235bf7d76e65e47afdcd91743554d490ae0d19/pyqt5_sip-12.18.0-cp311-cp311-macosx_10_9_universal2.whl", hash = "sha256:13c32e9025d0ab5fe960ef64dcb4c6f7ec26156ddce2cf2f195600aa26e8f9fe", size = 122724, upload-time = "2026-01-13T15:52:49.875Z" },
    { url = "https://files.pythonhosted.org/packages/87/c4/ac4deee3249d3ceb703103acbbf76d89f3782fa7ad2ca5a15fcb5bcf5c73/pyqt5_sip-12.18.0-cp311-cp311-manylinux1_x86_64.manylinux_2_5_x86_64.whl", hash = "sha256:dd855149c724634eb1f92d10e04e1be0751068a8521d5f9f06e5c2dbe32fd89f", size = 327560, upload-time = "2026-01-13T15:52:53.584Z" },
    { url = "https://files.pythonhosted.org/packages/79/53/64373ba9311288b0ea6b5ab375d9c9743a41ac93df7137655498c95a08e5/pyqt5_sip-12.18.0-cp311-cp311-manylinux_2_5_x86_64.manylinux1_x86_64.whl", hash = "sha256:521729e4ce44db555005f4e6987c4a5164d45ea03f5a7d08519813d4776acd15", size = 277067, upload-time = "2026-01-13T15:52:51.22Z" },
    { url = "https://files.pythonhosted.org/packages/ce/dd/4026bba8355ceaba222db0369fe4a480d55aa61d3f14dbe1458886ccc032/pyqt5_sip-12.18.0-cp311-cp311-win32.whl", hash = "sha256:c738949863d88b78f86f28e13151989ca3b1a302934811af41856dc8a27838bd", size = 49323, upload-time = "2026-01-13T15:52:55.859Z" },
    { url = "https://files.pythonhosted.org/packages/41/35/39e549ca7f7c9fbb025912a5db7f55f3b9c22d7f9718f41c2e7a17c806e9/pyqt5_sip-12.18.0-cp311-cp311-win_amd64.whl", hash = "sha256:ac0be1a8ce145ed78c7e8d45243749405bee7e3a87e9810b0542bca010c50bd7", size = 58795, upload-time = "2026-01-13T15:52:54.995Z" },
    { url = "https://files.pythonhosted.org/packages/2a/61/6d78d702016ac23d2b97634a3b6a831c3f7735f0552a1c8b058db96005d1/pyqt5_sip-12.18.0-cp312-cp312-macosx_10_9_universal2.whl", hash = "sha256:b29e4cda24748e59e5bd1bdad4812091a86b4b5b08c38b7f781eb55a5166f2b7", size = 124614, upload-time = "2026-01-13T15:52:57.59Z" },
    { url = "https://files.pythonhosted.org/packages/19/bf/8f3efa10ddd3e76c1253865340ab7c2960ef96681d732b1f666c77430612/pyqt5_sip-12.18.0-cp312-cp312-manylinux1_x86_64.manylinux_2_5_x86_64.whl", hash = "sha256:163c2bba5e637c2222ec17d82a2c5aa158184a191923eb7d137cf4cfa0399529", size = 339412, upload-time = "2026-01-13T15:53:00.563Z" },
    { url = "https://files.pythonhosted.org/packages/72/48/f1bcf6729d01bae6729cd790b22fd579dbe34014e8be031e6f10c5b9b2aa/pyqt5_sip-12.18.0-cp312-cp312-manylinux_2_5_x86_64.manylinux1_x86_64.whl", hash = "sha256:ead5e0a64ad852ac60797989d8444a6a5bd834768536b04a07b40b2937d922f6", size = 282376, upload-time = "2026-01-13T15:52:59.172Z" },
    { url = "https://files.pythonhosted.org/packages/dd/b7/d84c764ac9f1366be561255ec9bd88ee224fefdbdb349aee250f3003f0ca/pyqt5_sip-12.18.0-cp312-cp312-win32.whl", hash = "sha256:993fe3ed9a62a92e770f32d5344e3df56c2cacf1471f01b7feaf04818a2df1c4", size = 49523, upload-time = "2026-01-13T15:53:03.068Z" },
    { url = "https://files.pythonhosted.org/packages/ab/e7/ef87178d5afa5f63be38556dc0df8af89f9bf74f2555f4dab6824c0fd150/pyqt5_sip-12.18.0-cp312-cp312-win_amd64.whl", hash = "sha256:9b689e02e400abd1ce0a30cd6eae8eceabcf1bbba0395cb5c86e64ba74351d68", size = 58001, upload-time = "2026-01-13T15:53:02.15Z" },
    { url = "https://files.pythonhosted.org/packages/79/67/8d43d0fea10ff48ddecc8534aead8b855dc80df80653b8b1bf9e1f993063/pyqt5_sip-12.18.0-cp313-cp313-macosx_10_13_universal2.whl", hash = "sha256:9254e5dd7676b76503ba20edcc919e7ac4a97b6c70a6fb2f9dba9e13b4c60509", size = 124605, upload-time = "2026-01-13T15:53:04.991Z" },
    { url = "https://files.pythonhosted.org/packages/48/2a/b08bc8efeb49c50c6cdac11417dc2c8eaefcac2f0a6382eae7b26dc0f232/pyqt5_sip-12.18.0-cp313-cp313-manylinux1_x86_64.manylinux_2_5_x86_64.whl", hash = "sha256:c969631ada7293a81e1012b2264a62d69a91995b517586489dfe24421b87b9af", size = 339918, upload-time = "2026-01-13T15:53:08.502Z" },
    { url = "https://files.pythonhosted.org/packages/b6/99/24f82437b2f073cf39296b7c731b6a8bc0f5207911fdd93841a0ea9abe42/pyqt5_sip-12.18.0-cp313-cp313-manylinux_2_5_x86_64.manylinux1_x86_64.whl", hash = "sha256:d84ac384a63285132e67762c87681191c25e28a1df7560287ec3889d9eb223b5", size = 282088, upload-time = "2026-01-13T15:53:06.632Z" },
    { url = "https://files.pythonhosted.org/packages/3e/27/20d3924943df34361fae9c6a0489ae89d0b07571693245c61678d185e4a4/pyqt5_sip-12.18.0-cp313-cp313-win32.whl", hash = "sha256:95bba4670ecf5cba73958b85aa2087c17838a402ed251c38e68060c7665c998b", size = 49501, upload-time = "2026-01-13T15:53:11.159Z" },
    { url = "https://files.pythonhosted.org/packages/3f/36/e251623c12968730730512a9e5150430e36246afbe64894610190b896f61/pyqt5_sip-12.18.0-cp313-cp313-win_amd64.whl", hash = "sha256:aac4adc37df2f2ac1dc259409be1900f07332d140a12c9db7c84112cef64ff59", size = 58076, upload-time = "2026-01-13T15:53:09.928Z" },
    { url = "https://files.pythonhosted.org/packages/37/3a/b46a0116b1aacbb6156b2957eb5cb928c94b49f4626eb2540ca8d16ee757/pyqt5_sip-12.18.0-cp314-cp314-macosx_10_15_universal2.whl", hash = "sha256:8372ec8704bfd5e09942d0d055a1657eb4f702f4b30847a5e59df0496f99d67f", size = 124594, upload-time = "2026-01-13T15:53:13.159Z" },
    { url = "https://files.pythonhosted.org/packages/58/63/df3037f11391c25c5b0ab233d22e58b8f056cb1ce16d7ecadb844421ce75/pyqt5_sip-12.18.0-cp314-cp314-manylinux1_x86_64.manylinux_2_5_x86_64.whl", hash = "sha256:fdb45c7cd2af7eccd7370b994d432bfc7965079f845392760724f26771bb59dc", size = 339056, upload-time = "2026-01-13T15:53:16.558Z" },
    { url = "https://files.pythonhosted.org/packages/f5/e7/4f96b84520b8f8b7502682fd43f68f63ca6572b5858f56e5f61c76a54fe2/pyqt5_sip-12.18.0-cp314-cp314-manylinux_2_5_x86_64.manylinux1_x86_64.whl", hash = "sha256:92abe984becbde768954d6d0951f56d80a9868d2fd9e738e61fc944f0ff83dd6", size = 282439, upload-time = "2026-01-13T15:53:14.856Z" },
    { url = "https://files.pythonhosted.org/packages/79/8e/ccdf20d373ceba83e1d1b7f818505c375208ffde4a96376dc7dbe592406c/pyqt5_sip-12.18.0-cp314-cp314-win32.whl", hash = "sha256:bd9e3c6f81346f1b08d6db02305cdee20c009b43aa083d44ee2de47a7da0e123", size = 50713, upload-time = "2026-01-13T15:53:18.634Z" },
    { url = "https://files.pythonhosted.org/packages/7f/21/8486ed45977be615ec5371b24b47298b1cb0e1a455b419eddd0215078dba/pyqt5_sip-12.18.0-cp314-cp314-win_amd64.whl", hash = "sha256:6d948f1be619c645cd3bda54952bfdc1aef7c79242dccea6a6858748e61114b9", size = 59622, upload-time = "2026-01-13T15:53:17.714Z" },
]

[[package]]
name = "pyqt5-tools"
version = "5.15.9.3.3"
source = { registry = "https://pypi.org/simple" }
dependencies = [
    { name = "click" },
    { name = "pyqt5" },
    { name = "pyqt5-plugins" },
    { name = "python-dotenv" },
]
wheels = [
    { url = "https://files.pythonhosted.org/packages/11/7e/3a5bce0e31650e091a16826d7a588be8bd56c2ac30871286b6c90d68ceeb/pyqt5_tools-5.15.9.3.3-py3-none-any.whl", hash = "sha256:4b45b26111c583a34fa364b98d7120f5aeca4f96ac72e251f1b37a9cca809f86", size = 29165, upload-time = "2023-03-27T19:26:56.526Z" },
]

[[package]]
name = "pyqtgraph"
version = "0.14.0"
source = { registry = "https://pypi.org/simple" }
dependencies = [
    { name = "colorama" },
    { name = "numpy" },
]
wheels = [
    { url = "https://files.pythonhosted.org/packages/32/36/4c242f81fdcbfa4fb62a5645f6af79191f4097a0577bd5460c24f19cc4ef/pyqtgraph-0.14.0-py3-none-any.whl", hash = "sha256:7abb7c3e17362add64f8711b474dffac5e7b0e9245abdf992e9a44119b7aa4f5", size = 1924755, upload-time = "2025-11-16T19:43:22.251Z" },
]

[[package]]
name = "pyserial"
version = "3.5"
source = { registry = "https://pypi.org/simple" }
sdist = { url = "https://files.pythonhosted.org/packages/1e/7d/ae3f0a63f41e4d2f6cb66a5b57197850f919f59e558159a4dd3a818f5082/pyserial-3.5.tar.gz", hash = "sha256:3c77e014170dfffbd816e6ffc205e9842efb10be9f58ec16d3e8675b4925cddb", size = 159125, upload-time = "2020-11-23T03:59:15.045Z" }
wheels = [
    { url = "https://files.pythonhosted.org/packages/07/bc/587a445451b253b285629263eb51c2d8e9bcea4fc97826266d186f96f558/pyserial-3.5-py2.py3-none-any.whl", hash = "sha256:c4451db6ba391ca6ca299fb3ec7bae67a5c55dde170964c7a14ceefec02f2cf0", size = 90585, upload-time = "2020-11-23T03:59:13.41Z" },
]

[[package]]
name = "python-dotenv"
version = "1.2.1"
source = { registry = "https://pypi.org/simple" }
sdist = { url = "https://files.pythonhosted.org/packages/f0/26/19cadc79a718c5edbec86fd4919a6b6d3f681039a2f6d66d14be94e75fb9/python_dotenv-1.2.1.tar.gz", hash = "sha256:42667e897e16ab0d66954af0e60a9caa94f0fd4ecf3aaf6d2d260eec1aa36ad6", size = 44221, upload-time = "2025-10-26T15:12:10.434Z" }
wheels = [
    { url = "https://files.pythonhosted.org/packages/14/1b/a298b06749107c305e1fe0f814c6c74aea7b2f1e10989cb30f544a1b3253/python_dotenv-1.2.1-py3-none-any.whl", hash = "sha256:b81ee9561e9ca4004139c6cbba3a238c32b03e4894671e181b671e8cb8425d61", size = 21230, upload-time = "2025-10-26T15:12:09.109Z" },
]

[[package]]
name = "qt5-applications"
version = "5.15.2.2.3"
source = { registry = "https://pypi.org/simple" }
wheels = [
    { url = "https://files.pythonhosted.org/packages/14/32/a2fcd818fe62dfcd24600782c7b71bc7c476406bbb4c5680a992fcb7b9d9/qt5_applications-5.15.2.2.3-py3-none-macosx_10_14_x86_64.whl", hash = "sha256:45395074b742ca6765990d3645d5e24a59415c1d968c40c6a3443da22c621ba8", size = 98367680, upload-time = "2023-03-27T14:19:16.344Z" },
    { url = "https://files.pythonhosted.org/packages/35/e3/f5ab9980d601e62a75bb4d5d01d2324cb0d2a414f36474e26a83de409548/qt5_applications-5.15.2.2.3-py3-none-manylinux_2_17_x86_64.whl", hash = "sha256:9ac537caf18fc339149391f58e6716c472296df4431d68e76670e75a14238de0", size = 85694098, upload-time = "2023-03-27T14:18:31.036Z" },
    { url = "https://files.pythonhosted.org/packages/96/32/5f6b843992c28efde2c3dadbe67296064d09c506c2fc9f9ebe76090eb00a/qt5_applications-5.15.2.2.3-py3-none-win32.whl", hash = "sha256:8d4ebdd955653f693edac4697f80e016270efcf861ebb1b8b7e238fd6faba5f5", size = 54471526, upload-time = "2023-03-27T14:17:54.8Z" },
    { url = "https://files.pythonhosted.org/packages/ae/a9/cd64cda6f58321c4a0021ced80117b225562efc42f1318ff2cea69c23eb7/qt5_applications-5.15.2.2.3-py3-none-win_amd64.whl", hash = "sha256:5156cc710ed3942f736ec2c46889f73d829fcd4093bed8dbddf2fd83929fdf0b", size = 64462445, upload-time = "2023-03-27T14:18:25.916Z" },
]

[[package]]
name = "qt5-tools"
version = "5.15.2.1.3"
source = { registry = "https://pypi.org/simple" }
dependencies = [
    { name = "click" },
    { name = "qt5-applications" },
]
wheels = [
    { url = "https://files.pythonhosted.org/packages/e2/45/3062d0df2bbc88ee4ea04b1073072b337b9e287c0b4ac12109729b413e2e/qt5_tools-5.15.2.1.3-py3-none-any.whl", hash = "sha256:3e73b7aa3cd03abba6e703aa1d21a5934eff42a068292500a1f02c9bc6da95cb", size = 13756, upload-time = "2023-03-27T15:03:21.749Z" },
]
